// !$*UTF8*$!
{
	archiveVersion = 1;
	classes = {
	};
	objectVersion = 77;
	objects = {

/* Begin PBXContainerItemProxy section */
		7D4D8CAA2CCFB8ED0091BE6D /* PBXContainerItemProxy */ = {
			isa = PBXContainerItemProxy;
			containerPortal = 7D4D8C912CCFB8EA0091BE6D /* Project object */;
			proxyType = 1;
			remoteGlobalIDString = 7D4D8C982CCFB8EA0091BE6D;
			remoteInfo = "Interactive interface";
		};
		7D4D8CB42CCFB8ED0091BE6D /* PBXContainerItemProxy */ = {
			isa = PBXContainerItemProxy;
			containerPortal = 7D4D8C912CCFB8EA0091BE6D /* Project object */;
			proxyType = 1;
			remoteGlobalIDString = 7D4D8C982CCFB8EA0091BE6D;
			remoteInfo = "Interactive interface";
		};
/* End PBXContainerItemProxy section */

/* Begin PBXFileReference section */
		7D4D8C992CCFB8EA0091BE6D /* Interactive interface.app */ = {isa = PBXFileReference; explicitFileType = wrapper.application; includeInIndex = 0; path = "Interactive interface.app"; sourceTree = BUILT_PRODUCTS_DIR; };
		7D4D8CA92CCFB8ED0091BE6D /* Interactive interfaceTests.xctest */ = {isa = PBXFileReference; explicitFileType = wrapper.cfbundle; includeInIndex = 0; path = "Interactive interfaceTests.xctest"; sourceTree = BUILT_PRODUCTS_DIR; };
		7D4D8CB32CCFB8ED0091BE6D /* Interactive interfaceUITests.xctest */ = {isa = PBXFileReference; explicitFileType = wrapper.cfbundle; includeInIndex = 0; path = "Interactive interfaceUITests.xctest"; sourceTree = BUILT_PRODUCTS_DIR; };
/* End PBXFileReference section */

/* Begin PBXFileSystemSynchronizedRootGroup section */
		7D4D8C9B2CCFB8EA0091BE6D /* Interactive interface */ = {
			isa = PBXFileSystemSynchronizedRootGroup;
			path = "Interactive interface";
			sourceTree = "<group>";
		};
		7D4D8CAC2CCFB8ED0091BE6D /* Interactive interfaceTests */ = {
			isa = PBXFileSystemSynchronizedRootGroup;
			path = "Interactive interfaceTests";
			sourceTree = "<group>";
		};
		7D4D8CB62CCFB8ED0091BE6D /* Interactive interfaceUITests */ = {
			isa = PBXFileSystemSynchronizedRootGroup;
			path = "Interactive interfaceUITests";
			sourceTree = "<group>";
		};
/* End PBXFileSystemSynchronizedRootGroup section */

/* Begin PBXFrameworksBuildPhase section */
		7D4D8C962CCFB8EA0091BE6D /* Frameworks */ = {
			isa = PBXFrameworksBuildPhase;
			buildActionMask = 2147483647;
			files = (
			);
			runOnlyForDeploymentPostprocessing = 0;
		};
		7D4D8CA62CCFB8ED0091BE6D /* Frameworks */ = {
			isa = PBXFrameworksBuildPhase;
			buildActionMask = 2147483647;
			files = (
			);
			runOnlyForDeploymentPostprocessing = 0;
		};
		7D4D8CB02CCFB8ED0091BE6D /* Frameworks */ = {
			isa = PBXFrameworksBuildPhase;
			buildActionMask = 2147483647;
			files = (
			);
			runOnlyForDeploymentPostprocessing = 0;
		};
/* End PBXFrameworksBuildPhase section */

/* Begin PBXGroup section */
		7D4D8C902CCFB8EA0091BE6D = {
			isa = PBXGroup;
			children = (
				7D4D8C9B2CCFB8EA0091BE6D /* Interactive interface */,
				7D4D8CAC2CCFB8ED0091BE6D /* Interactive interfaceTests */,
				7D4D8CB62CCFB8ED0091BE6D /* Interactive interfaceUITests */,
				7D4D8C9A2CCFB8EA0091BE6D /* Products */,
			);
			sourceTree = "<group>";
		};
		7D4D8C9A2CCFB8EA0091BE6D /* Products */ = {
			isa = PBXGroup;
			children = (
				7D4D8C992CCFB8EA0091BE6D /* Interactive interface.app */,
				7D4D8CA92CCFB8ED0091BE6D /* Interactive interfaceTests.xctest */,
				7D4D8CB32CCFB8ED0091BE6D /* Interactive interfaceUITests.xctest */,
			);
			name = Products;
			sourceTree = "<group>";
		};
/* End PBXGroup section */

/* Begin PBXNativeTarget section */
		7D4D8C982CCFB8EA0091BE6D /* Interactive interface */ = {
			isa = PBXNativeTarget;
			buildConfigurationList = 7D4D8CBD2CCFB8ED0091BE6D /* Build configuration list for PBXNativeTarget "Interactive interface" */;
			buildPhases = (
				7D4D8C952CCFB8EA0091BE6D /* Sources */,
				7D4D8C962CCFB8EA0091BE6D /* Frameworks */,
				7D4D8C972CCFB8EA0091BE6D /* Resources */,
			);
			buildRules = (
			);
			dependencies = (
			);
			fileSystemSynchronizedGroups = (
				7D4D8C9B2CCFB8EA0091BE6D /* Interactive interface */,
			);
			name = "Interactive interface";
			packageProductDependencies = (
			);
			productName = "Interactive interface";
			productReference = 7D4D8C992CCFB8EA0091BE6D /* Interactive interface.app */;
			productType = "com.apple.product-type.application";
		};
		7D4D8CA82CCFB8ED0091BE6D /* Interactive interfaceTests */ = {
			isa = PBXNativeTarget;
			buildConfigurationList = 7D4D8CC02CCFB8ED0091BE6D /* Build configuration list for PBXNativeTarget "Interactive interfaceTests" */;
			buildPhases = (
				7D4D8CA52CCFB8ED0091BE6D /* Sources */,
				7D4D8CA62CCFB8ED0091BE6D /* Frameworks */,
				7D4D8CA72CCFB8ED0091BE6D /* Resources */,
			);
			buildRules = (
			);
			dependencies = (
				7D4D8CAB2CCFB8ED0091BE6D /* PBXTargetDependency */,
			);
			fileSystemSynchronizedGroups = (
				7D4D8CAC2CCFB8ED0091BE6D /* Interactive interfaceTests */,
			);
			name = "Interactive interfaceTests";
			packageProductDependencies = (
			);
			productName = "Interactive interfaceTests";
			productReference = 7D4D8CA92CCFB8ED0091BE6D /* Interactive interfaceTests.xctest */;
			productType = "com.apple.product-type.bundle.unit-test";
		};
		7D4D8CB22CCFB8ED0091BE6D /* Interactive interfaceUITests */ = {
			isa = PBXNativeTarget;
			buildConfigurationList = 7D4D8CC32CCFB8ED0091BE6D /* Build configuration list for PBXNativeTarget "Interactive interfaceUITests" */;
			buildPhases = (
				7D4D8CAF2CCFB8ED0091BE6D /* Sources */,
				7D4D8CB02CCFB8ED0091BE6D /* Frameworks */,
				7D4D8CB12CCFB8ED0091BE6D /* Resources */,
			);
			buildRules = (
			);
			dependencies = (
				7D4D8CB52CCFB8ED0091BE6D /* PBXTargetDependency */,
			);
			fileSystemSynchronizedGroups = (
				7D4D8CB62CCFB8ED0091BE6D /* Interactive interfaceUITests */,
			);
			name = "Interactive interfaceUITests";
			packageProductDependencies = (
			);
			productName = "Interactive interfaceUITests";
			productReference = 7D4D8CB32CCFB8ED0091BE6D /* Interactive interfaceUITests.xctest */;
			productType = "com.apple.product-type.bundle.ui-testing";
		};
/* End PBXNativeTarget section */

/* Begin PBXProject section */
		7D4D8C912CCFB8EA0091BE6D /* Project object */ = {
			isa = PBXProject;
			attributes = {
				BuildIndependentTargetsInParallel = 1;
				LastSwiftUpdateCheck = 1600;
				LastUpgradeCheck = 1600;
				TargetAttributes = {
					7D4D8C982CCFB8EA0091BE6D = {
						CreatedOnToolsVersion = 16.0;
					};
					7D4D8CA82CCFB8ED0091BE6D = {
						CreatedOnToolsVersion = 16.0;
						TestTargetID = 7D4D8C982CCFB8EA0091BE6D;
					};
					7D4D8CB22CCFB8ED0091BE6D = {
						CreatedOnToolsVersion = 16.0;
						TestTargetID = 7D4D8C982CCFB8EA0091BE6D;
					};
				};
			};
			buildConfigurationList = 7D4D8C942CCFB8EA0091BE6D /* Build configuration list for PBXProject "Interactive interface" */;
			developmentRegion = en;
			hasScannedForEncodings = 0;
			knownRegions = (
				en,
				Base,
			);
			mainGroup = 7D4D8C902CCFB8EA0091BE6D;
			minimizedProjectReferenceProxies = 1;
			preferredProjectObjectVersion = 77;
			productRefGroup = 7D4D8C9A2CCFB8EA0091BE6D /* Products */;
			projectDirPath = "";
			projectRoot = "";
			targets = (
				7D4D8C982CCFB8EA0091BE6D /* Interactive interface */,
				7D4D8CA82CCFB8ED0091BE6D /* Interactive interfaceTests */,
				7D4D8CB22CCFB8ED0091BE6D /* Interactive interfaceUITests */,
			);
		};
/* End PBXProject section */

/* Begin PBXResourcesBuildPhase section */
		7D4D8C972CCFB8EA0091BE6D /* Resources */ = {
			isa = PBXResourcesBuildPhase;
			buildActionMask = 2147483647;
			files = (
			);
			runOnlyForDeploymentPostprocessing = 0;
		};
		7D4D8CA72CCFB8ED0091BE6D /* Resources */ = {
			isa = PBXResourcesBuildPhase;
			buildActionMask = 2147483647;
			files = (
			);
			runOnlyForDeploymentPostprocessing = 0;
		};
		7D4D8CB12CCFB8ED0091BE6D /* Resources */ = {
			isa = PBXResourcesBuildPhase;
			buildActionMask = 2147483647;
			files = (
			);
			runOnlyForDeploymentPostprocessing = 0;
		};
/* End PBXResourcesBuildPhase section */

/* Begin PBXSourcesBuildPhase section */
		7D4D8C952CCFB8EA0091BE6D /* Sources */ = {
			isa = PBXSourcesBuildPhase;
			buildActionMask = 2147483647;
			files = (
			);
			runOnlyForDeploymentPostprocessing = 0;
		};
		7D4D8CA52CCFB8ED0091BE6D /* Sources */ = {
			isa = PBXSourcesBuildPhase;
			buildActionMask = 2147483647;
			files = (
			);
			runOnlyForDeploymentPostprocessing = 0;
		};
		7D4D8CAF2CCFB8ED0091BE6D /* Sources */ = {
			isa = PBXSourcesBuildPhase;
			buildActionMask = 2147483647;
			files = (
			);
			runOnlyForDeploymentPostprocessing = 0;
		};
/* End PBXSourcesBuildPhase section */

/* Begin PBXTargetDependency section */
		7D4D8CAB2CCFB8ED0091BE6D /* PBXTargetDependency */ = {
			isa = PBXTargetDependency;
			target = 7D4D8C982CCFB8EA0091BE6D /* Interactive interface */;
			targetProxy = 7D4D8CAA2CCFB8ED0091BE6D /* PBXContainerItemProxy */;
		};
		7D4D8CB52CCFB8ED0091BE6D /* PBXTargetDependency */ = {
			isa = PBXTargetDependency;
			target = 7D4D8C982CCFB8EA0091BE6D /* Interactive interface */;
			targetProxy = 7D4D8CB42CCFB8ED0091BE6D /* PBXContainerItemProxy */;
		};
/* End PBXTargetDependency section */

/* Begin XCBuildConfiguration section */
		7D4D8CBB2CCFB8ED0091BE6D /* Debug */ = {
			isa = XCBuildConfiguration;
			buildSettings = {
				ALWAYS_SEARCH_USER_PATHS = NO;
				ASSETCATALOG_COMPILER_GENERATE_SWIFT_ASSET_SYMBOL_EXTENSIONS = YES;
				CLANG_ANALYZER_NONNULL = YES;
				CLANG_ANALYZER_NUMBER_OBJECT_CONVERSION = YES_AGGRESSIVE;
				CLANG_CXX_LANGUAGE_STANDARD = "gnu++20";
				CLANG_ENABLE_MODULES = YES;
				CLANG_ENABLE_OBJC_ARC = YES;
				CLANG_ENABLE_OBJC_WEAK = YES;
				CLANG_WARN_BLOCK_CAPTURE_AUTORELEASING = YES;
				CLANG_WARN_BOOL_CONVERSION = YES;
				CLANG_WARN_COMMA = YES;
				CLANG_WARN_CONSTANT_CONVERSION = YES;
				CLANG_WARN_DEPRECATED_OBJC_IMPLEMENTATIONS = YES;
				CLANG_WARN_DIRECT_OBJC_ISA_USAGE = YES_ERROR;
				CLANG_WARN_DOCUMENTATION_COMMENTS = YES;
				CLANG_WARN_EMPTY_BODY = YES;
				CLANG_WARN_ENUM_CONVERSION = YES;
				CLANG_WARN_INFINITE_RECURSION = YES;
				CLANG_WARN_INT_CONVERSION = YES;
				CLANG_WARN_NON_LITERAL_NULL_CONVERSION = YES;
				CLANG_WARN_OBJC_IMPLICIT_RETAIN_SELF = YES;
				CLANG_WARN_OBJC_LITERAL_CONVERSION = YES;
				CLANG_WARN_OBJC_ROOT_CLASS = YES_ERROR;
				CLANG_WARN_QUOTED_INCLUDE_IN_FRAMEWORK_HEADER = YES;
				CLANG_WARN_RANGE_LOOP_ANALYSIS = YES;
				CLANG_WARN_STRICT_PROTOTYPES = YES;
				CLANG_WARN_SUSPICIOUS_MOVE = YES;
				CLANG_WARN_UNGUARDED_AVAILABILITY = YES_AGGRESSIVE;
				CLANG_WARN_UNREACHABLE_CODE = YES;
				CLANG_WARN__DUPLICATE_METHOD_MATCH = YES;
				COPY_PHASE_STRIP = NO;
				DEBUG_INFORMATION_FORMAT = dwarf;
				ENABLE_STRICT_OBJC_MSGSEND = YES;
				ENABLE_TESTABILITY = YES;
				ENABLE_USER_SCRIPT_SANDBOXING = YES;
				GCC_C_LANGUAGE_STANDARD = gnu17;
				GCC_DYNAMIC_NO_PIC = NO;
				GCC_NO_COMMON_BLOCKS = YES;
				GCC_OPTIMIZATION_LEVEL = 0;
				GCC_PREPROCESSOR_DEFINITIONS = (
					"DEBUG=1",
					"$(inherited)",
				);
				GCC_WARN_64_TO_32_BIT_CONVERSION = YES;
				GCC_WARN_ABOUT_RETURN_TYPE = YES_ERROR;
				GCC_WARN_UNDECLARED_SELECTOR = YES;
				GCC_WARN_UNINITIALIZED_AUTOS = YES_AGGRESSIVE;
				GCC_WARN_UNUSED_FUNCTION = YES;
				GCC_WARN_UNUSED_VARIABLE = YES;
				IPHONEOS_DEPLOYMENT_TARGET = 18.0;
				LOCALIZATION_PREFERS_STRING_CATALOGS = YES;
				MTL_ENABLE_DEBUG_INFO = INCLUDE_SOURCE;
				MTL_FAST_MATH = YES;
				ONLY_ACTIVE_ARCH = YES;
				SDKROOT = iphoneos;
				SWIFT_ACTIVE_COMPILATION_CONDITIONS = "DEBUG $(inherited)";
				SWIFT_OPTIMIZATION_LEVEL = "-Onone";
			};
			name = Debug;
		};
		7D4D8CBC2CCFB8ED0091BE6D /* Release */ = {
			isa = XCBuildConfiguration;
			buildSettings = {
				ALWAYS_SEARCH_USER_PATHS = NO;
				ASSETCATALOG_COMPILER_GENERATE_SWIFT_ASSET_SYMBOL_EXTENSIONS = YES;
				CLANG_ANALYZER_NONNULL = YES;
				CLANG_ANALYZER_NUMBER_OBJECT_CONVERSION = YES_AGGRESSIVE;
				CLANG_CXX_LANGUAGE_STANDARD = "gnu++20";
				CLANG_ENABLE_MODULES = YES;
				CLANG_ENABLE_OBJC_ARC = YES;
				CLANG_ENABLE_OBJC_WEAK = YES;
				CLANG_WARN_BLOCK_CAPTURE_AUTORELEASING = YES;
				CLANG_WARN_BOOL_CONVERSION = YES;
				CLANG_WARN_COMMA = YES;
				CLANG_WARN_CONSTANT_CONVERSION = YES;
				CLANG_WARN_DEPRECATED_OBJC_IMPLEMENTATIONS = YES;
				CLANG_WARN_DIRECT_OBJC_ISA_USAGE = YES_ERROR;
				CLANG_WARN_DOCUMENTATION_COMMENTS = YES;
				CLANG_WARN_EMPTY_BODY = YES;
				CLANG_WARN_ENUM_CONVERSION = YES;
				CLANG_WARN_INFINITE_RECURSION = YES;
				CLANG_WARN_INT_CONVERSION = YES;
				CLANG_WARN_NON_LITERAL_NULL_CONVERSION = YES;
				CLANG_WARN_OBJC_IMPLICIT_RETAIN_SELF = YES;
				CLANG_WARN_OBJC_LITERAL_CONVERSION = YES;
				CLANG_WARN_OBJC_ROOT_CLASS = YES_ERROR;
				CLANG_WARN_QUOTED_INCLUDE_IN_FRAMEWORK_HEADER = YES;
				CLANG_WARN_RANGE_LOOP_ANALYSIS = YES;
				CLANG_WARN_STRICT_PROTOTYPES = YES;
				CLANG_WARN_SUSPICIOUS_MOVE = YES;
				CLANG_WARN_UNGUARDED_AVAILABILITY = YES_AGGRESSIVE;
				CLANG_WARN_UNREACHABLE_CODE = YES;
				CLANG_WARN__DUPLICATE_METHOD_MATCH = YES;
				COPY_PHASE_STRIP = NO;
				DEBUG_INFORMATION_FORMAT = "dwarf-with-dsym";
				ENABLE_NS_ASSERTIONS = NO;
				ENABLE_STRICT_OBJC_MSGSEND = YES;
				ENABLE_USER_SCRIPT_SANDBOXING = YES;
				GCC_C_LANGUAGE_STANDARD = gnu17;
				GCC_NO_COMMON_BLOCKS = YES;
				GCC_WARN_64_TO_32_BIT_CONVERSION = YES;
				GCC_WARN_ABOUT_RETURN_TYPE = YES_ERROR;
				GCC_WARN_UNDECLARED_SELECTOR = YES;
				GCC_WARN_UNINITIALIZED_AUTOS = YES_AGGRESSIVE;
				GCC_WARN_UNUSED_FUNCTION = YES;
				GCC_WARN_UNUSED_VARIABLE = YES;
				IPHONEOS_DEPLOYMENT_TARGET = 18.0;
				LOCALIZATION_PREFERS_STRING_CATALOGS = YES;
				MTL_ENABLE_DEBUG_INFO = NO;
				MTL_FAST_MATH = YES;
				SDKROOT = iphoneos;
				SWIFT_COMPILATION_MODE = wholemodule;
				VALIDATE_PRODUCT = YES;
			};
			name = Release;
		};
		7D4D8CBE2CCFB8ED0091BE6D /* Debug */ = {
			isa = XCBuildConfiguration;
			buildSettings = {
				ASSETCATALOG_COMPILER_APPICON_NAME = AppIcon;
				ASSETCATALOG_COMPILER_GLOBAL_ACCENT_COLOR_NAME = AccentColor;
				CODE_SIGN_STYLE = Automatic;
				CURRENT_PROJECT_VERSION = 1;
				DEVELOPMENT_ASSET_PATHS = "\"Interactive interface/Preview Content\"";
				DEVELOPMENT_TEAM = CXJ54T3Z4P;
				ENABLE_PREVIEWS = YES;
				GENERATE_INFOPLIST_FILE = YES;
				INFOPLIST_KEY_UIApplicationSceneManifest_Generation = YES;
				INFOPLIST_KEY_UIApplicationSupportsIndirectInputEvents = YES;
				INFOPLIST_KEY_UILaunchScreen_Generation = YES;
				INFOPLIST_KEY_UISupportedInterfaceOrientations_iPad = "UIInterfaceOrientationPortrait UIInterfaceOrientationPortraitUpsideDown UIInterfaceOrientationLandscapeLeft UIInterfaceOrientationLandscapeRight";
				INFOPLIST_KEY_UISupportedInterfaceOrientations_iPhone = "UIInterfaceOrientationPortrait UIInterfaceOrientationLandscapeLeft UIInterfaceOrientationLandscapeRight";
				LD_RUNPATH_SEARCH_PATHS = (
					"$(inherited)",
					"@executable_path/Frameworks",
				);
				MARKETING_VERSION = 1.0;
				PRODUCT_BUNDLE_IDENTIFIER = "com.runoob.Interactive-interface";
				PRODUCT_NAME = "$(TARGET_NAME)";
				SWIFT_EMIT_LOC_STRINGS = YES;
				SWIFT_VERSION = 5.0;
				TARGETED_DEVICE_FAMILY = "1,2";
			};
			name = Debug;
		};
		7D4D8CBF2CCFB8ED0091BE6D /* Release */ = {
			isa = XCBuildConfiguration;
			buildSettings = {
				ASSETCATALOG_COMPILER_APPICON_NAME = AppIcon;
				ASSETCATALOG_COMPILER_GLOBAL_ACCENT_COLOR_NAME = AccentColor;
				CODE_SIGN_STYLE = Automatic;
				CURRENT_PROJECT_VERSION = 1;
				DEVELOPMENT_ASSET_PATHS = "\"Interactive interface/Preview Content\"";
				DEVELOPMENT_TEAM = CXJ54T3Z4P;
				ENABLE_PREVIEWS = YES;
				GENERATE_INFOPLIST_FILE = YES;
				INFOPLIST_KEY_UIApplicationSceneManifest_Generation = YES;
				INFOPLIST_KEY_UIApplicationSupportsIndirectInputEvents = YES;
				INFOPLIST_KEY_UILaunchScreen_Generation = YES;
				INFOPLIST_KEY_UISupportedInterfaceOrientations_iPad = "UIInterfaceOrientationPortrait UIInterfaceOrientationPortraitUpsideDown UIInterfaceOrientationLandscapeLeft UIInterfaceOrientationLandscapeRight";
				INFOPLIST_KEY_UISupportedInterfaceOrientations_iPhone = "UIInterfaceOrientationPortrait UIInterfaceOrientationLandscapeLeft UIInterfaceOrientationLandscapeRight";
				LD_RUNPATH_SEARCH_PATHS = (
					"$(inherited)",
					"@executable_path/Frameworks",
				);
				MARKETING_VERSION = 1.0;
				PRODUCT_BUNDLE_IDENTIFIER = "com.runoob.Interactive-interface";
				PRODUCT_NAME = "$(TARGET_NAME)";
				SWIFT_EMIT_LOC_STRINGS = YES;
				SWIFT_VERSION = 5.0;
				TARGETED_DEVICE_FAMILY = "1,2";
			};
			name = Release;
		};
		7D4D8CC12CCFB8ED0091BE6D /* Debug */ = {
			isa = XCBuildConfiguration;
			buildSettings = {
				BUNDLE_LOADER = "$(TEST_HOST)";
				CODE_SIGN_STYLE = Automatic;
				CURRENT_PROJECT_VERSION = 1;
				DEVELOPMENT_TEAM = CXJ54T3Z4P;
				GENERATE_INFOPLIST_FILE = YES;
				IPHONEOS_DEPLOYMENT_TARGET = 18.0;
				MARKETING_VERSION = 1.0;
				PRODUCT_BUNDLE_IDENTIFIER = "com.runoob.Interactive-interfaceTests";
				PRODUCT_NAME = "$(TARGET_NAME)";
				SWIFT_EMIT_LOC_STRINGS = NO;
				SWIFT_VERSION = 5.0;
				TARGETED_DEVICE_FAMILY = "1,2";
				TEST_HOST = "$(BUILT_PRODUCTS_DIR)/Interactive interface.app/$(BUNDLE_EXECUTABLE_FOLDER_PATH)/Interactive interface";
			};
			name = Debug;
		};
		7D4D8CC22CCFB8ED0091BE6D /* Release */ = {
			isa = XCBuildConfiguration;
			buildSettings = {
				BUNDLE_LOADER = "$(TEST_HOST)";
				CODE_SIGN_STYLE = Automatic;
				CURRENT_PROJECT_VERSION = 1;
				DEVELOPMENT_TEAM = CXJ54T3Z4P;
				GENERATE_INFOPLIST_FILE = YES;
				IPHONEOS_DEPLOYMENT_TARGET = 18.0;
				MARKETING_VERSION = 1.0;
				PRODUCT_BUNDLE_IDENTIFIER = "com.runoob.Interactive-interfaceTests";
				PRODUCT_NAME = "$(TARGET_NAME)";
				SWIFT_EMIT_LOC_STRINGS = NO;
				SWIFT_VERSION = 5.0;
				TARGETED_DEVICE_FAMILY = "1,2";
				TEST_HOST = "$(BUILT_PRODUCTS_DIR)/Interactive interface.app/$(BUNDLE_EXECUTABLE_FOLDER_PATH)/Interactive interface";
			};
			name = Release;
		};
		7D4D8CC42CCFB8ED0091BE6D /* Debug */ = {
			isa = XCBuildConfiguration;
			buildSettings = {
				CODE_SIGN_STYLE = Automatic;
				CURRENT_PROJECT_VERSION = 1;
				DEVELOPMENT_TEAM = CXJ54T3Z4P;
				GENERATE_INFOPLIST_FILE = YES;
				MARKETING_VERSION = 1.0;
				PRODUCT_BUNDLE_IDENTIFIER = "com.runoob.Interactive-interfaceUITests";
				PRODUCT_NAME = "$(TARGET_NAME)";
				SWIFT_EMIT_LOC_STRINGS = NO;
				SWIFT_VERSION = 5.0;
				TARGETED_DEVICE_FAMILY = "1,2";
				TEST_TARGET_NAME = "Interactive interface";
			};
			name = Debug;
		};
		7D4D8CC52CCFB8ED0091BE6D /* Release */ = {
			isa = XCBuildConfiguration;
			buildSettings = {
				CODE_SIGN_STYLE = Automatic;
				CURRENT_PROJECT_VERSION = 1;
				DEVELOPMENT_TEAM = CXJ54T3Z4P;
				GENERATE_INFOPLIST_FILE = YES;
				MARKETING_VERSION = 1.0;
				PRODUCT_BUNDLE_IDENTIFIER = "com.runoob.Interactive-interfaceUITests";
				PRODUCT_NAME = "$(TARGET_NAME)";
				SWIFT_EMIT_LOC_STRINGS = NO;
				SWIFT_VERSION = 5.0;
				TARGETED_DEVICE_FAMILY = "1,2";
				TEST_TARGET_NAME = "Interactive interface";
			};
			name = Release;
		};
/* End XCBuildConfiguration section */

/* Begin XCConfigurationList section */
		7D4D8C942CCFB8EA0091BE6D /* Build configuration list for PBXProject "Interactive interface" */ = {
			isa = XCConfigurationList;
			buildConfigurations = (
				7D4D8CBB2CCFB8ED0091BE6D /* Debug */,
				7D4D8CBC2CCFB8ED0091BE6D /* Release */,
			);
			defaultConfigurationIsVisible = 0;
			defaultConfigurationName = Release;
		};
		7D4D8CBD2CCFB8ED0091BE6D /* Build configuration list for PBXNativeTarget "Interactive interface" */ = {
			isa = XCConfigurationList;
			buildConfigurations = (
				7D4D8CBE2CCFB8ED0091BE6D /* Debug */,
				7D4D8CBF2CCFB8ED0091BE6D /* Release */,
			);
			defaultConfigurationIsVisible = 0;
			defaultConfigurationName = Release;
		};
		7D4D8CC02CCFB8ED0091BE6D /* Build configuration list for PBXNativeTarget "Interactive interfaceTests" */ = {
			isa = XCConfigurationList;
			buildConfigurations = (
				7D4D8CC12CCFB8ED0091BE6D /* Debug */,
				7D4D8CC22CCFB8ED0091BE6D /* Release */,
			);
			defaultConfigurationIsVisible = 0;
			defaultConfigurationName = Release;
		};
		7D4D8CC32CCFB8ED0091BE6D /* Build configuration list for PBXNativeTarget "Interactive interfaceUITests" */ = {
			isa = XCConfigurationList;
			buildConfigurations = (
				7D4D8CC42CCFB8ED0091BE6D /* Debug */,
				7D4D8CC52CCFB8ED0091BE6D /* Release */,
			);
			defaultConfigurationIsVisible = 0;
			defaultConfigurationName = Release;
		};
/* End XCConfigurationList section */
	};
	rootObject = 7D4D8C912CCFB8EA0091BE6D /* Project object */;
}
